
Microsoft Visual Studio Solution File, Format Version 12.00
# Visual Studio Version 17
VisualStudioVersion = 17.14.36414.22 d17.14
MinimumVisualStudioVersion = 10.0.40219.1
Project("{FAE04EC0-301F-11D3-BF4B-00C04F79EFBC}") = "Hotels.SharedKernel", "Hotels.SharedKernel\Hotels.SharedKernel.csproj", "{8AA5E987-164D-421A-A94F-49D4251D9660}"
EndProject
Global
	GlobalSection(SolutionConfigurationPlatforms) = preSolution
		Debug|Any CPU = Debug|Any CPU
		Release|Any CPU = Release|Any CPU
	EndGlobalSection
	GlobalSection(ProjectConfigurationPlatforms) = postSolution
		{8AA5E987-164D-421A-A94F-49D4251D9660}.Debug|Any CPU.ActiveCfg = Debug|Any CPU
		{8AA5E987-164D-421A-A94F-49D4251D9660}.Debug|Any CPU.Build.0 = Debug|Any CPU
		{8AA5E987-164D-421A-A94F-49D4251D9660}.Release|Any CPU.ActiveCfg = Release|Any CPU
		{8AA5E987-164D-421A-A94F-49D4251D9660}.Release|Any CPU.Build.0 = Release|Any CPU
	EndGlobalSection
	GlobalSection(SolutionProperties) = preSolution
		HideSolutionNode = FALSE
	EndGlobalSection
	GlobalSection(ExtensibilityGlobals) = postSolution
		SolutionGuid = {F358041A-8E90-436C-85AF-CFA25FBFAF99}
	EndGlobalSection
EndGlobal
