
Microsoft Visual Studio Solution File, Format Version 12.00
# Visual Studio Version 17
VisualStudioVersion = 17.14.36414.22
MinimumVisualStudioVersion = 10.0.40219.1
Project("{FAE04EC0-301F-11D3-BF4B-00C04F79EFBC}") = "Hotels.Api", "Hotels.Api\Hotels.Api.csproj", "{E4FA8EDB-7775-41B9-BCE0-5F36826BC20E}"
EndProject
Project("{FAE04EC0-301F-11D3-BF4B-00C04F79EFBC}") = "Hotels.Application", "..\Hotels.Application\Hotels.Application\Hotels.Application.csproj", "{4A35470F-AFA4-1C24-AC14-7D07B15927E0}"
EndProject
Project("{FAE04EC0-301F-11D3-BF4B-00C04F79EFBC}") = "Hotels.Domain", "..\Hotels.Domain\Hotels.Domain\Hotels.Domain.csproj", "{58EDED2B-CC7F-CED9-3A16-116FE3E0EC6C}"
EndProject
Project("{FAE04EC0-301F-11D3-BF4B-00C04F79EFBC}") = "Hotels.Infrastructure", "..\Hotels.Infrastructure\Hotels.Infrastructure\Hotels.Infrastructure.csproj", "{AAA22F91-0EEB-287F-74AC-802D864D3331}"
EndProject
Project("{FAE04EC0-301F-11D3-BF4B-00C04F79EFBC}") = "Hotels.SharedKernel", "..\Hotels.SharedKernel\Hotels.SharedKernel\Hotels.SharedKernel.csproj", "{0513454F-ECB2-D41A-C173-5819EC8F4A7F}"
EndProject
Project("{FAE04EC0-301F-11D3-BF4B-00C04F79EFBC}") = "Hotels.Application.Tests", "..\tests\Hotels.Application.Tests\Hotels.Application.Tests\Hotels.Application.Tests.csproj", "{3576D91A-05A8-6B15-5A33-91C29EBE186A}"
EndProject
Global
	GlobalSection(SolutionConfigurationPlatforms) = preSolution
		Debug|Any CPU = Debug|Any CPU
		Release|Any CPU = Release|Any CPU
	EndGlobalSection
	GlobalSection(ProjectConfigurationPlatforms) = postSolution
		{E4FA8EDB-7775-41B9-BCE0-5F36826BC20E}.Debug|Any CPU.ActiveCfg = Debug|Any CPU
		{E4FA8EDB-7775-41B9-BCE0-5F36826BC20E}.Debug|Any CPU.Build.0 = Debug|Any CPU
		{E4FA8EDB-7775-41B9-BCE0-5F36826BC20E}.Release|Any CPU.ActiveCfg = Release|Any CPU
		{E4FA8EDB-7775-41B9-BCE0-5F36826BC20E}.Release|Any CPU.Build.0 = Release|Any CPU
		{4A35470F-AFA4-1C24-AC14-7D07B15927E0}.Debug|Any CPU.ActiveCfg = Debug|Any CPU
		{4A35470F-AFA4-1C24-AC14-7D07B15927E0}.Debug|Any CPU.Build.0 = Debug|Any CPU
		{4A35470F-AFA4-1C24-AC14-7D07B15927E0}.Release|Any CPU.ActiveCfg = Release|Any CPU
		{4A35470F-AFA4-1C24-AC14-7D07B15927E0}.Release|Any CPU.Build.0 = Release|Any CPU
		{58EDED2B-CC7F-CED9-3A16-116FE3E0EC6C}.Debug|Any CPU.ActiveCfg = Debug|Any CPU
		{58EDED2B-CC7F-CED9-3A16-116FE3E0EC6C}.Debug|Any CPU.Build.0 = Debug|Any CPU
		{58EDED2B-CC7F-CED9-3A16-116FE3E0EC6C}.Release|Any CPU.ActiveCfg = Release|Any CPU
		{58EDED2B-CC7F-CED9-3A16-116FE3E0EC6C}.Release|Any CPU.Build.0 = Release|Any CPU
		{AAA22F91-0EEB-287F-74AC-802D864D3331}.Debug|Any CPU.ActiveCfg = Debug|Any CPU
		{AAA22F91-0EEB-287F-74AC-802D864D3331}.Debug|Any CPU.Build.0 = Debug|Any CPU
		{AAA22F91-0EEB-287F-74AC-802D864D3331}.Release|Any CPU.ActiveCfg = Release|Any CPU
		{AAA22F91-0EEB-287F-74AC-802D864D3331}.Release|Any CPU.Build.0 = Release|Any CPU
		{0513454F-ECB2-D41A-C173-5819EC8F4A7F}.Debug|Any CPU.ActiveCfg = Debug|Any CPU
		{0513454F-ECB2-D41A-C173-5819EC8F4A7F}.Debug|Any CPU.Build.0 = Debug|Any CPU
		{0513454F-ECB2-D41A-C173-5819EC8F4A7F}.Release|Any CPU.ActiveCfg = Release|Any CPU
		{0513454F-ECB2-D41A-C173-5819EC8F4A7F}.Release|Any CPU.Build.0 = Release|Any CPU
		{3576D91A-05A8-6B15-5A33-91C29EBE186A}.Debug|Any CPU.ActiveCfg = Debug|Any CPU
		{3576D91A-05A8-6B15-5A33-91C29EBE186A}.Debug|Any CPU.Build.0 = Debug|Any CPU
		{3576D91A-05A8-6B15-5A33-91C29EBE186A}.Release|Any CPU.ActiveCfg = Release|Any CPU
		{3576D91A-05A8-6B15-5A33-91C29EBE186A}.Release|Any CPU.Build.0 = Release|Any CPU
	EndGlobalSection
	GlobalSection(SolutionProperties) = preSolution
		HideSolutionNode = FALSE
	EndGlobalSection
	GlobalSection(ExtensibilityGlobals) = postSolution
		SolutionGuid = {20C039C5-7EE8-40A1-ABA0-08063BF91CDF}
	EndGlobalSection
EndGlobal
