
Microsoft Visual Studio Solution File, Format Version 12.00
# Visual Studio Version 17
VisualStudioVersion = 17.14.36414.22 d17.14
MinimumVisualStudioVersion = 10.0.40219.1
Project("{FAE04EC0-301F-11D3-BF4B-00C04F79EFBC}") = "Hotels.Infrastructure", "Hotels.Infrastructure\Hotels.Infrastructure.csproj", "{D115F4D7-6A5E-4561-8F0E-33BF0FD012AD}"
EndProject
Global
	GlobalSection(SolutionConfigurationPlatforms) = preSolution
		Debug|Any CPU = Debug|Any CPU
		Release|Any CPU = Release|Any CPU
	EndGlobalSection
	GlobalSection(ProjectConfigurationPlatforms) = postSolution
		{D115F4D7-6A5E-4561-8F0E-33BF0FD012AD}.Debug|Any CPU.ActiveCfg = Debug|Any CPU
		{D115F4D7-6A5E-4561-8F0E-33BF0FD012AD}.Debug|Any CPU.Build.0 = Debug|Any CPU
		{D115F4D7-6A5E-4561-8F0E-33BF0FD012AD}.Release|Any CPU.ActiveCfg = Release|Any CPU
		{D115F4D7-6A5E-4561-8F0E-33BF0FD012AD}.Release|Any CPU.Build.0 = Release|Any CPU
	EndGlobalSection
	GlobalSection(SolutionProperties) = preSolution
		HideSolutionNode = FALSE
	EndGlobalSection
	GlobalSection(ExtensibilityGlobals) = postSolution
		SolutionGuid = {D1897684-97BE-4DAE-9E03-F8F763866579}
	EndGlobalSection
EndGlobal
