
Microsoft Visual Studio Solution File, Format Version 12.00
# Visual Studio Version 17
VisualStudioVersion = 17.14.36414.22 d17.14
MinimumVisualStudioVersion = 10.0.40219.1
Project("{FAE04EC0-301F-11D3-BF4B-00C04F79EFBC}") = "Hotels.Application.Tests", "Hotels.Application.Tests\Hotels.Application.Tests.csproj", "{C3A490A2-A259-4C03-939E-1D9F660CCF8D}"
EndProject
Global
	GlobalSection(SolutionConfigurationPlatforms) = preSolution
		Debug|Any CPU = Debug|Any CPU
		Release|Any CPU = Release|Any CPU
	EndGlobalSection
	GlobalSection(ProjectConfigurationPlatforms) = postSolution
		{C3A490A2-A259-4C03-939E-1D9F660CCF8D}.Debug|Any CPU.ActiveCfg = Debug|Any CPU
		{C3A490A2-A259-4C03-939E-1D9F660CCF8D}.Debug|Any CPU.Build.0 = Debug|Any CPU
		{C3A490A2-A259-4C03-939E-1D9F660CCF8D}.Release|Any CPU.ActiveCfg = Release|Any CPU
		{C3A490A2-A259-4C03-939E-1D9F660CCF8D}.Release|Any CPU.Build.0 = Release|Any CPU
	EndGlobalSection
	GlobalSection(SolutionProperties) = preSolution
		HideSolutionNode = FALSE
	EndGlobalSection
	GlobalSection(ExtensibilityGlobals) = postSolution
		SolutionGuid = {7E1EFA45-196B-4937-967F-F3F2D901BF0A}
	EndGlobalSection
EndGlobal
